
Microsoft Visual Studio Solution File, Format Version 12.00
# Visual Studio Version 17
VisualStudioVersion = 17.7.34031.279
MinimumVisualStudioVersion = 10.0.40219.1
Project("{FAE04EC0-301F-11D3-BF4B-00C04F79EFBC}") = "QuanLyNhaKhoa", "QuanLyNhaKhoa.csproj", "{563674BE-D8FD-4DA5-8B6E-7B1AD2C550B3}"
EndProject
Global
	GlobalSection(SolutionConfigurationPlatforms) = preSolution
		Debug|ARM64 = Debug|ARM64
		Debug|x64 = Debug|x64
		Debug|x86 = Debug|x86
		Release|ARM64 = Release|ARM64
		Release|x64 = Release|x64
		Release|x86 = Release|x86
	EndGlobalSection
	GlobalSection(ProjectConfigurationPlatforms) = postSolution
		{563674BE-D8FD-4DA5-8B6E-7B1AD2C550B3}.Debug|ARM64.ActiveCfg = Debug|ARM64
		{563674BE-D8FD-4DA5-8B6E-7B1AD2C550B3}.Debug|ARM64.Build.0 = Debug|ARM64
		{563674BE-D8FD-4DA5-8B6E-7B1AD2C550B3}.Debug|ARM64.Deploy.0 = Debug|ARM64
		{563674BE-D8FD-4DA5-8B6E-7B1AD2C550B3}.Debug|x64.ActiveCfg = Debug|x64
		{563674BE-D8FD-4DA5-8B6E-7B1AD2C550B3}.Debug|x64.Build.0 = Debug|x64
		{563674BE-D8FD-4DA5-8B6E-7B1AD2C550B3}.Debug|x64.Deploy.0 = Debug|x64
		{563674BE-D8FD-4DA5-8B6E-7B1AD2C550B3}.Debug|x86.ActiveCfg = Debug|x86
		{563674BE-D8FD-4DA5-8B6E-7B1AD2C550B3}.Debug|x86.Build.0 = Debug|x86
		{563674BE-D8FD-4DA5-8B6E-7B1AD2C550B3}.Debug|x86.Deploy.0 = Debug|x86
		{563674BE-D8FD-4DA5-8B6E-7B1AD2C550B3}.Release|ARM64.ActiveCfg = Release|ARM64
		{563674BE-D8FD-4DA5-8B6E-7B1AD2C550B3}.Release|ARM64.Build.0 = Release|ARM64
		{563674BE-D8FD-4DA5-8B6E-7B1AD2C550B3}.Release|ARM64.Deploy.0 = Release|ARM64
		{563674BE-D8FD-4DA5-8B6E-7B1AD2C550B3}.Release|x64.ActiveCfg = Release|x64
		{563674BE-D8FD-4DA5-8B6E-7B1AD2C550B3}.Release|x64.Build.0 = Release|x64
		{563674BE-D8FD-4DA5-8B6E-7B1AD2C550B3}.Release|x64.Deploy.0 = Release|x64
		{563674BE-D8FD-4DA5-8B6E-7B1AD2C550B3}.Release|x86.ActiveCfg = Release|x86
		{563674BE-D8FD-4DA5-8B6E-7B1AD2C550B3}.Release|x86.Build.0 = Release|x86
		{563674BE-D8FD-4DA5-8B6E-7B1AD2C550B3}.Release|x86.Deploy.0 = Release|x86
	EndGlobalSection
	GlobalSection(SolutionProperties) = preSolution
		HideSolutionNode = FALSE
	EndGlobalSection
	GlobalSection(ExtensibilityGlobals) = postSolution
		SolutionGuid = {C0E251B0-8C2C-4B33-8978-DF1EFC099AC7}
	EndGlobalSection
EndGlobal
